# AUTO-GENERATED by gen-rust-crate-ports.py for offline port builds.
# Pins only the monorepo-lock subgraph; optional unused deps omitted.
version = 3

[[package]]
name = "file-id"
version = "0.2.3"
source = "registry+https://github.com/rust-lang/crates.io-index"
checksum = "e1fc6a637b6dc58414714eddd9170ff187ecb0933d4c7024d1abbd23a3cc26e9"
dependencies = [
 "windows-sys 0.60.2",
]
