# AUTO-GENERATED by gen-rust-crate-ports.py for offline port builds.
# Pins only the monorepo-lock subgraph; optional unused deps omitted.
version = 3

[[package]]
name = "tonic-prost-build"
version = "0.14.3"
source = "registry+https://github.com/rust-lang/crates.io-index"
checksum = "a4556786613791cfef4ed134aa670b61a85cfcacf71543ef33e8d801abae988f"
dependencies = [
 "prettyplease 0.2.37",
 "proc-macro2 1.0.106",
 "prost-build 0.14.1",
 "prost-types 0.14.3",
 "quote 1.0.45",
 "syn 2.0.117",
 "tempfile 3.27.0",
 "tonic-build 0.14.3",
]

[[package]]
name = "prettyplease"
version = "0.2.37"
source = "registry+https://github.com/rust-lang/crates.io-index"
checksum = "479ca8adacdd7ce8f1fb39ce9ecccbfe93a3f1344b3d0d97f20bc0196208f62b"
dependencies = [
 "proc-macro2 1.0.106",
 "syn 2.0.117",
]

[[package]]
name = "proc-macro2"
version = "1.0.106"
source = "registry+https://github.com/rust-lang/crates.io-index"
checksum = "8fd00f0bb2e90d81d1044c2b32617f68fcb9fa3bb7640c23e9c748e53fb30934"
dependencies = [
 "unicode-ident 1.0.24",
]

[[package]]
name = "prost-build"
version = "0.14.1"
source = "registry+https://github.com/rust-lang/crates.io-index"
checksum = "ac6c3320f9abac597dcbc668774ef006702672474aad53c6d596b62e487b40b1"
dependencies = [
 "heck 0.5.0",
 "itertools 0.14.0",
 "log 0.4.32",
 "multimap 0.10.1",
 "once_cell 1.21.3",
 "petgraph 0.7.1",
 "prettyplease 0.2.37",
 "prost 0.14.3",
 "prost-types 0.14.3",
 "pulldown-cmark 0.13.0",
 "pulldown-cmark-to-cmark 21.1.0",
 "regex 1.12.4",
 "syn 2.0.117",
 "tempfile 3.27.0",
]

[[package]]
name = "prost-types"
version = "0.14.3"
source = "registry+https://github.com/rust-lang/crates.io-index"
checksum = "8991c4cbdb8bc5b11f0b074ffe286c30e523de90fee5ba8132f1399f23cb3dd7"
dependencies = [
 "prost 0.14.3",
]

[[package]]
name = "quote"
version = "1.0.45"
source = "registry+https://github.com/rust-lang/crates.io-index"
checksum = "41f2619966050689382d2b44f664f4bc593e129785a36d6ee376ddf37259b924"
dependencies = [
 "proc-macro2 1.0.106",
]

[[package]]
name = "syn"
version = "2.0.117"
source = "registry+https://github.com/rust-lang/crates.io-index"
checksum = "e665b8803e7b1d2a727f4023456bbbbe74da67099c585258af0ad9c5013b9b99"
dependencies = [
 "proc-macro2 1.0.106",
 "quote 1.0.45",
 "unicode-ident 1.0.24",
]

[[package]]
name = "tempfile"
version = "3.27.0"
source = "registry+https://github.com/rust-lang/crates.io-index"
checksum = "32497e9a4c7b38532efcdebeef879707aa9f794296a4f0244f6f69e9bc8574bd"
dependencies = [
 "fastrand 2.3.0",
 "getrandom 0.4.1",
 "once_cell 1.21.3",
 "rustix 1.1.4",
 "windows-sys 0.61.2",
]

[[package]]
name = "tonic-build"
version = "0.14.3"
source = "registry+https://github.com/rust-lang/crates.io-index"
checksum = "27aac809edf60b741e2d7db6367214d078856b8a5bff0087e94ff330fb97b6fc"
dependencies = [
 "prettyplease 0.2.37",
 "proc-macro2 1.0.106",
 "quote 1.0.45",
 "syn 2.0.117",
]

[[package]]
name = "unicode-ident"
version = "1.0.24"
source = "registry+https://github.com/rust-lang/crates.io-index"
checksum = "e6e4313cd5fcd3dad5cafa179702e2b244f760991f45397d14d4ebf38247da75"

[[package]]
name = "heck"
version = "0.5.0"
source = "registry+https://github.com/rust-lang/crates.io-index"
checksum = "2304e00983f87ffb38b55b444b5e3b60a884b5d30c0fca7d82fe33449bbe55ea"

[[package]]
name = "itertools"
version = "0.14.0"
source = "registry+https://github.com/rust-lang/crates.io-index"
checksum = "2b192c782037fadd9cfa75548310488aabdbf3d2da73885b31bd0abd03351285"
dependencies = [
 "either 1.15.0",
]

[[package]]
name = "log"
version = "0.4.32"
source = "registry+https://github.com/rust-lang/crates.io-index"
checksum = "953f07c43838f8e6f9758cab68bf5bed85465e7587ebe0b823f1bcd81978ad3a"
dependencies = [
 "value-bag 1.12.0",
]

[[package]]
name = "multimap"
version = "0.10.1"
source = "registry+https://github.com/rust-lang/crates.io-index"
checksum = "1d87ecb2933e8aeadb3e3a02b828fed80a7528047e68b4f424523a0981a3a084"

[[package]]
name = "once_cell"
version = "1.21.3"
source = "registry+https://github.com/rust-lang/crates.io-index"
checksum = "42f5e15c9953c5e4ccceeb2e7382a716482c34515315f7b03532b8b4e8393d2d"
dependencies = [
 "portable-atomic 1.11.1",
]

[[package]]
name = "petgraph"
version = "0.7.1"
source = "registry+https://github.com/rust-lang/crates.io-index"
checksum = "3672b37090dbd86368a4145bc067582552b29c27377cad4e0a306c97f9bd7772"
dependencies = [
 "fixedbitset 0.5.7",
 "indexmap 2.12.0",
]

[[package]]
name = "prost"
version = "0.14.3"
source = "registry+https://github.com/rust-lang/crates.io-index"
checksum = "d2ea70524a2f82d518bce41317d0fae74151505651af45faf1ffbd6fd33f0568"
dependencies = [
 "bytes 1.11.1",
 "prost-derive 0.14.3",
]

[[package]]
name = "pulldown-cmark"
version = "0.13.0"
source = "registry+https://github.com/rust-lang/crates.io-index"
checksum = "1e8bbe1a966bd2f362681a44f6edce3c2310ac21e4d5067a6e7ec396297a6ea0"
dependencies = [
 "bitflags 2.13.0",
 "getopts 0.2.24",
 "memchr 2.8.2",
 "pulldown-cmark-escape 0.11.0",
 "unicase 2.8.1",
]

[[package]]
name = "pulldown-cmark-to-cmark"
version = "21.1.0"
source = "registry+https://github.com/rust-lang/crates.io-index"
checksum = "8246feae3db61428fd0bb94285c690b460e4517d83152377543ca802357785f1"
dependencies = [
 "pulldown-cmark 0.13.0",
]

[[package]]
name = "regex"
version = "1.12.4"
source = "registry+https://github.com/rust-lang/crates.io-index"
checksum = "f1292b7759ae1cb9ec195452d1390a074f0cd8541ab7a5a8c31cd6db45d4a6ba"
dependencies = [
 "aho-corasick 1.1.3",
 "memchr 2.8.2",
 "regex-automata 0.4.13",
 "regex-syntax 0.8.11",
]

[[package]]
name = "fastrand"
version = "2.3.0"
source = "registry+https://github.com/rust-lang/crates.io-index"
checksum = "37909eebbb50d72f9059c3b6d82c0463f2ff062c9e95845c43a6c9c0355411be"

[[package]]
name = "getrandom"
version = "0.4.1"
source = "registry+https://github.com/rust-lang/crates.io-index"
checksum = "139ef39800118c7683f2fd3c98c1b23c09ae076556b435f8e9064ae108aaeeec"
dependencies = [
 "cfg-if 1.0.4",
 "js-sys 0.3.91",
 "libc 0.2.186",
 "r-efi 5.3.0",
 "rand_core 0.10.0",
 "wasip2 1.0.1+wasi-0.2.4",
 "wasip3 0.4.0+wasi-0.3.0-rc-2026-01-06",
 "wasm-bindgen 0.2.114",
]

[[package]]
name = "rustix"
version = "1.1.4"
source = "registry+https://github.com/rust-lang/crates.io-index"
checksum = "b6fe4565b9518b83ef4f91bb47ce29620ca828bd32cb7e408f0062e9930ba190"
dependencies = [
 "bitflags 2.13.0",
 "errno 0.3.14",
 "libc 0.2.186",
 "linux-raw-sys 0.12.1",
 "windows-sys 0.61.2",
]

[[package]]
name = "either"
version = "1.15.0"
source = "registry+https://github.com/rust-lang/crates.io-index"
checksum = "48c757948c5ede0e46177b7add2e67155f70e33c07fea8284df6576da70b3719"

[[package]]
name = "value-bag"
version = "1.12.0"
source = "registry+https://github.com/rust-lang/crates.io-index"
checksum = "7ba6f5989077681266825251a52748b8c1d8a4ad098cc37e440103d0ea717fc0"

[[package]]
name = "portable-atomic"
version = "1.11.1"
source = "registry+https://github.com/rust-lang/crates.io-index"
checksum = "f84267b20a16ea918e43c6a88433c2d54fa145c92a811b5b047ccbe153674483"

[[package]]
name = "fixedbitset"
version = "0.5.7"
source = "registry+https://github.com/rust-lang/crates.io-index"
checksum = "1d674e81391d1e1ab681a28d99df07927c6d4aa5b027d7da16ba32d1d21ecd99"

[[package]]
name = "indexmap"
version = "2.12.0"
source = "registry+https://github.com/rust-lang/crates.io-index"
checksum = "6717a8d2a5a929a1a2eb43a12812498ed141a0bcfb7e8f7844fbdbe4303bba9f"
dependencies = [
 "equivalent 1.0.2",
 "hashbrown 0.16.1",
 "serde 1.0.228",
 "serde_core 1.0.228",
]

[[package]]
name = "bytes"
version = "1.11.1"
source = "registry+https://github.com/rust-lang/crates.io-index"
checksum = "1e748733b7cbc798e1434b6ac524f0c1ff2ab456fe201501e6497c8417a4fc33"
dependencies = [
 "serde 1.0.228",
]

[[package]]
name = "prost-derive"
version = "0.14.3"
source = "registry+https://github.com/rust-lang/crates.io-index"
checksum = "27c6023962132f4b30eb4c172c91ce92d933da334c59c23cddee82358ddafb0b"
dependencies = [
 "anyhow 1.0.100",
 "itertools 0.14.0",
 "proc-macro2 1.0.106",
 "quote 1.0.45",
 "syn 2.0.117",
]

[[package]]
name = "bitflags"
version = "2.13.0"
source = "registry+https://github.com/rust-lang/crates.io-index"
checksum = "b4388bee8683e3d04af747c73422af53102d2bd24d9eadb6cbc100baef4b43f8"
dependencies = [
 "serde_core 1.0.228",
]

[[package]]
name = "getopts"
version = "0.2.24"
source = "registry+https://github.com/rust-lang/crates.io-index"
checksum = "cfe4fbac503b8d1f88e6676011885f34b7174f46e59956bba534ba83abded4df"
dependencies = [
 "unicode-width 0.2.0",
]

[[package]]
name = "memchr"
version = "2.8.2"
source = "registry+https://github.com/rust-lang/crates.io-index"
checksum = "88904434abc2901f197fe8cc55f0445e7ded921dba5911dad2e2b39b48e663c4"

[[package]]
name = "pulldown-cmark-escape"
version = "0.11.0"
source = "registry+https://github.com/rust-lang/crates.io-index"
checksum = "007d8adb5ddab6f8e3f491ac63566a7d5002cc7ed73901f72057943fa71ae1ae"

[[package]]
name = "unicase"
version = "2.8.1"
source = "registry+https://github.com/rust-lang/crates.io-index"
checksum = "75b844d17643ee918803943289730bec8aac480150456169e647ed0b576ba539"

[[package]]
name = "aho-corasick"
version = "1.1.3"
source = "registry+https://github.com/rust-lang/crates.io-index"
checksum = "8e60d3430d3a69478ad0993f19238d2df97c507009a52b3c10addcd7f6bcb916"
dependencies = [
 "memchr 2.8.2",
]

[[package]]
name = "regex-automata"
version = "0.4.13"
source = "registry+https://github.com/rust-lang/crates.io-index"
checksum = "5276caf25ac86c8d810222b3dbb938e512c55c6831a10f3e6ed1c93b84041f1c"
dependencies = [
 "aho-corasick 1.1.3",
 "memchr 2.8.2",
 "regex-syntax 0.8.11",
]

[[package]]
name = "regex-syntax"
version = "0.8.11"
source = "registry+https://github.com/rust-lang/crates.io-index"
checksum = "d6f6ff9a378485b298a5286656da665ba74413d36db0979633275d2e708145d4"

[[package]]
name = "cfg-if"
version = "1.0.4"
source = "registry+https://github.com/rust-lang/crates.io-index"
checksum = "9330f8b2ff13f34540b44e946ef35111825727b38d33286ef986142615121801"

[[package]]
name = "libc"
version = "0.2.186"
source = "registry+https://github.com/rust-lang/crates.io-index"
checksum = "68ab91017fe16c622486840e4c83c9a37afeff978bd239b5293d61ece587de66"

[[package]]
name = "r-efi"
version = "5.3.0"
source = "registry+https://github.com/rust-lang/crates.io-index"
checksum = "69cdb34c158ceb288df11e18b4bd39de994f6657d83847bdffdbd7f346754b0f"

[[package]]
name = "rand_core"
version = "0.10.0"
source = "registry+https://github.com/rust-lang/crates.io-index"
checksum = "0c8d0fd677905edcbeedbf2edb6494d676f0e98d54d5cf9bda0b061cb8fb8aba"

[[package]]
name = "errno"
version = "0.3.14"
source = "registry+https://github.com/rust-lang/crates.io-index"
checksum = "39cab71617ae0d63f51a36d69f866391735b51691dbda63cf6f96d042b63efeb"
dependencies = [
 "libc 0.2.186",
 "windows-sys 0.61.2",
]

[[package]]
name = "linux-raw-sys"
version = "0.12.1"
source = "registry+https://github.com/rust-lang/crates.io-index"
checksum = "32a66949e030da00e8c7d4434b251670a91556f4144941d37452769c25d58a53"

[[package]]
name = "equivalent"
version = "1.0.2"
source = "registry+https://github.com/rust-lang/crates.io-index"
checksum = "877a4ace8713b0bcf2a4e7eec82529c029f1d0619886d18145fea96c3ffe5c0f"

[[package]]
name = "hashbrown"
version = "0.16.1"
source = "registry+https://github.com/rust-lang/crates.io-index"
checksum = "841d1cc9bed7f9236f321df977030373f4a4163ae1a7dbfe1a51a2c1a51d9100"
dependencies = [
 "allocator-api2 0.2.21",
 "equivalent 1.0.2",
 "foldhash 0.2.0",
]

[[package]]
name = "serde"
version = "1.0.228"
source = "registry+https://github.com/rust-lang/crates.io-index"
checksum = "9a8e94ea7f378bd32cbbd37198a4a91436180c5bb472411e48b5ec2e2124ae9e"
dependencies = [
 "serde_core 1.0.228",
 "serde_derive 1.0.228",
]

[[package]]
name = "serde_core"
version = "1.0.228"
source = "registry+https://github.com/rust-lang/crates.io-index"
checksum = "41d385c7d4ca58e59fc732af25c3983b67ac852c1a25000afe1175de458b67ad"
dependencies = [
 "serde_derive 1.0.228",
]

[[package]]
name = "anyhow"
version = "1.0.100"
source = "registry+https://github.com/rust-lang/crates.io-index"
checksum = "a23eb6b1614318a8071c9b2521f36b424b2c83db5eb3a0fead4a6c0809af6e61"
dependencies = [
 "backtrace 0.3.76",
]

[[package]]
name = "unicode-width"
version = "0.2.0"
source = "registry+https://github.com/rust-lang/crates.io-index"
checksum = "1fc81956842c57dac11422a97c3b8195a1ff727f06e85c84ed2e8aa277c9a0fd"

[[package]]
name = "allocator-api2"
version = "0.2.21"
source = "registry+https://github.com/rust-lang/crates.io-index"
checksum = "683d7910e743518b0e34f1186f92494becacb047c7b6bf616c96772180fef923"

[[package]]
name = "foldhash"
version = "0.2.0"
source = "registry+https://github.com/rust-lang/crates.io-index"
checksum = "77ce24cb58228fbb8aa041425bb1050850ac19177686ea6e0f41a70416f56fdb"

[[package]]
name = "serde_derive"
version = "1.0.228"
source = "registry+https://github.com/rust-lang/crates.io-index"
checksum = "d540f220d3187173da220f885ab66608367b6574e925011a9353e4badda91d79"
dependencies = [
 "proc-macro2 1.0.106",
 "quote 1.0.45",
 "syn 2.0.117",
]

[[package]]
name = "backtrace"
version = "0.3.76"
source = "registry+https://github.com/rust-lang/crates.io-index"
checksum = "bb531853791a215d7c62a30daf0dde835f381ab5de4589cfe7c649d2cbe92bd6"
dependencies = [
 "addr2line 0.25.1",
 "cfg-if 1.0.4",
 "libc 0.2.186",
 "miniz_oxide 0.8.9",
 "object 0.37.3",
 "rustc-demangle 0.1.26",
 "windows-link 0.2.1",
]

[[package]]
name = "addr2line"
version = "0.25.1"
source = "registry+https://github.com/rust-lang/crates.io-index"
checksum = "1b5d307320b3181d6d7954e663bd7c774a838b8220fe0593c86d9fb09f498b4b"
dependencies = [
 "gimli 0.32.3",
]

[[package]]
name = "miniz_oxide"
version = "0.8.9"
source = "registry+https://github.com/rust-lang/crates.io-index"
checksum = "1fa76a2c86f704bdb222d66965fb3d63269ce38518b83cb0575fca855ebb6316"
dependencies = [
 "adler2 2.0.1",
 "simd-adler32 0.3.7",
]

[[package]]
name = "object"
version = "0.37.3"
source = "registry+https://github.com/rust-lang/crates.io-index"
checksum = "ff76201f031d8863c38aa7f905eca4f53abbfa15f609db4277d44cd8938f33fe"
dependencies = [
 "memchr 2.8.2",
]

[[package]]
name = "rustc-demangle"
version = "0.1.26"
source = "registry+https://github.com/rust-lang/crates.io-index"
checksum = "56f7d92ca342cea22a06f2121d944b4fd82af56988c270852495420f961d4ace"

[[package]]
name = "gimli"
version = "0.32.3"
source = "registry+https://github.com/rust-lang/crates.io-index"
checksum = "e629b9b98ef3dd8afe6ca2bd0f89306cec16d43d907889945bc5d6687f2f13c7"

[[package]]
name = "adler2"
version = "2.0.1"
source = "registry+https://github.com/rust-lang/crates.io-index"
checksum = "320119579fcad9c21884f5c4861d16174d0e06250625266f50fe6898340abefa"

[[package]]
name = "simd-adler32"
version = "0.3.7"
source = "registry+https://github.com/rust-lang/crates.io-index"
checksum = "d66dc143e6b11c1eddc06d5c423cfc97062865baf299914ab64caa38182078fe"
