# AUTO-GENERATED by gen-rust-crate-ports.py for offline port builds.
# Pins only the monorepo-lock subgraph; optional unused deps omitted.
version = 3

[[package]]
name = "uname"
version = "0.1.1"
source = "registry+https://github.com/rust-lang/crates.io-index"
checksum = "b72f89f0ca32e4db1c04e2a72f5345d59796d4866a1ee0609084569f73683dc8"
dependencies = [
 "libc 0.2.186",
]

[[package]]
name = "libc"
version = "0.2.186"
source = "registry+https://github.com/rust-lang/crates.io-index"
checksum = "68ab91017fe16c622486840e4c83c9a37afeff978bd239b5293d61ece587de66"
