# AUTO-GENERATED by gen-rust-crate-ports.py for offline port builds.
# Pins only the monorepo-lock subgraph; optional unused deps omitted.
version = 3

[[package]]
name = "notify-types"
version = "2.0.0"
source = "registry+https://github.com/rust-lang/crates.io-index"
checksum = "5e0826a989adedc2a244799e823aece04662b66609d96af8dff7ac6df9a8925d"
