# AUTO-GENERATED by gen-rust-crate-ports.py for offline port builds.
# Pins only the monorepo-lock subgraph; optional unused deps omitted.
version = 3

[[package]]
name = "unit-prefix"
version = "0.5.1"
source = "registry+https://github.com/rust-lang/crates.io-index"
checksum = "323402cff2dd658f39ca17c789b502021b3f18707c91cdf22e3838e1b4023817"
