# AUTO-GENERATED by gen-rust-crate-ports.py for offline port builds.
# Pins only the monorepo-lock subgraph; optional unused deps omitted.
version = 3

[[package]]
name = "cpp_demangle"
version = "0.4.5"
source = "registry+https://github.com/rust-lang/crates.io-index"
checksum = "f2bb79cb74d735044c972aae58ed0aaa9a837e85b01106a54c39e42e97f62253"
dependencies = [
 "cfg-if 1.0.4",
]

[[package]]
name = "cfg-if"
version = "1.0.4"
source = "registry+https://github.com/rust-lang/crates.io-index"
checksum = "9330f8b2ff13f34540b44e946ef35111825727b38d33286ef986142615121801"
