# AUTO-GENERATED by gen-rust-crate-ports.py for offline port builds.
# Pins only the monorepo-lock subgraph; optional unused deps omitted.
version = 3

[[package]]
name = "whoami"
version = "1.6.1"
source = "registry+https://github.com/rust-lang/crates.io-index"
checksum = "5d4a4db5077702ca3015d3d02d74974948aba2ad9e12ab7df718ee64ccd7e97d"
dependencies = [
 "libredox 0.1.10",
 "wasite 0.1.0",
 "web-sys 0.3.91",
]

[[package]]
name = "wasite"
version = "0.1.0"
source = "registry+https://github.com/rust-lang/crates.io-index"
checksum = "b8dad83b4f25e74f184f64c43b150b91efe7647395b42289f38e50566d82855b"
