# AUTO-GENERATED by gen-rust-crate-ports.py for offline port builds.
# Pins only the monorepo-lock subgraph; optional unused deps omitted.
version = 3

[[package]]
name = "tikv-jemalloc-ctl"
version = "0.6.1"
source = "registry+https://github.com/rust-lang/crates.io-index"
checksum = "661f1f6a57b3a36dc9174a2c10f19513b4866816e13425d3e418b11cc37bc24c"
dependencies = [
 "libc 0.2.186",
 "paste 1.0.15",
 "tikv-jemalloc-sys 0.6.1+5.3.0-1-ge13ca993e8ccb9ba9847cc330696e02839f328f7",
]

[[package]]
name = "libc"
version = "0.2.186"
source = "registry+https://github.com/rust-lang/crates.io-index"
checksum = "68ab91017fe16c622486840e4c83c9a37afeff978bd239b5293d61ece587de66"

[[package]]
name = "paste"
version = "1.0.15"
source = "registry+https://github.com/rust-lang/crates.io-index"
checksum = "57c0d7b74b563b49d38dae00a0c37d4d6de9b432382b2892f0574ddcae73fd0a"
