# AUTO-GENERATED by gen-rust-crate-ports.py for offline port builds.
# Pins only the monorepo-lock subgraph; optional unused deps omitted.
version = 3

[[package]]
name = "cached_proc_macro_types"
version = "0.1.1"
source = "registry+https://github.com/rust-lang/crates.io-index"
checksum = "ade8366b8bd5ba243f0a58f036cc0ca8a2f069cff1a2351ef1cac6b083e16fc0"
