# AUTO-GENERATED by gen-rust-crate-ports.py for offline port builds.
# Pins only the monorepo-lock subgraph; optional unused deps omitted.
version = 3

[[package]]
name = "clru"
version = "0.6.2"
source = "registry+https://github.com/rust-lang/crates.io-index"
checksum = "cbd0f76e066e64fdc5631e3bb46381254deab9ef1158292f27c8c57e3bf3fe59"
