# AUTO-GENERATED by gen-rust-crate-ports.py for offline port builds.
# Pins only the monorepo-lock subgraph; optional unused deps omitted.
version = 3

[[package]]
name = "getrandom"
version = "0.2.16"
source = "registry+https://github.com/rust-lang/crates.io-index"
checksum = "335ff9f135e4384c8150d6f27c6daed433577f86b4750418338c01a1a2528592"
dependencies = [
 "cfg-if 1.0.4",
 "js-sys 0.3.91",
 "libc 0.2.186",
 "wasi 0.11.1+wasi-snapshot-preview1",
 "wasm-bindgen 0.2.114",
]

[[package]]
name = "cfg-if"
version = "1.0.4"
source = "registry+https://github.com/rust-lang/crates.io-index"
checksum = "9330f8b2ff13f34540b44e946ef35111825727b38d33286ef986142615121801"

[[package]]
name = "libc"
version = "0.2.186"
source = "registry+https://github.com/rust-lang/crates.io-index"
checksum = "68ab91017fe16c622486840e4c83c9a37afeff978bd239b5293d61ece587de66"
