# AUTO-GENERATED by gen-rust-crate-ports.py for offline port builds.
# Pins only the monorepo-lock subgraph; optional unused deps omitted.
version = 3

[[package]]
name = "fastant"
version = "0.1.10"
source = "registry+https://github.com/rust-lang/crates.io-index"
checksum = "62bf7fa928ce0c4a43bd6e7d1235318fc32ac3a3dea06a2208c44e729449471a"
dependencies = [
 "small_ctor 0.1.2",
 "web-time 1.1.0",
]

[[package]]
name = "small_ctor"
version = "0.1.2"
source = "registry+https://github.com/rust-lang/crates.io-index"
checksum = "88414a5ca1f85d82cc34471e975f0f74f6aa54c40f062efa42c0080e7f763f81"

[[package]]
name = "web-time"
version = "1.1.0"
source = "registry+https://github.com/rust-lang/crates.io-index"
checksum = "5a6580f308b1fad9207618087a65c04e7a10bc77e02c8e84e9b00dd4b12fa0bb"
dependencies = [
 "js-sys 0.3.91",
 "wasm-bindgen 0.2.114",
]
