# AUTO-GENERATED by gen-rust-crate-ports.py for offline port builds.
# Pins only the monorepo-lock subgraph; optional unused deps omitted.
version = 3

[[package]]
name = "runfiles"
version = "0.1.0"
source = "registry+https://github.com/rust-lang/crates.io-index"
checksum = "b966e2656ad15fd22e76d2bcb8b7f88e5cb2ee5071539b19aa751423169f35e0"
