# AUTO-GENERATED by gen-rust-crate-ports.py for offline port builds.
# Pins only the monorepo-lock subgraph; optional unused deps omitted.
version = 3

[[package]]
name = "qcms"
version = "0.3.0"
source = "registry+https://github.com/rust-lang/crates.io-index"
checksum = "edecfcd5d755a5e5d98e24cf43113e7cdaec5a070edd0f6b250c03a573da30fa"
