# AUTO-GENERATED by gen-rust-crate-ports.py for offline port builds.
# Pins only the monorepo-lock subgraph; optional unused deps omitted.
version = 3

[[package]]
name = "camino"
version = "1.2.1"
source = "registry+https://github.com/rust-lang/crates.io-index"
checksum = "276a59bf2b2c967788139340c9f0c5b12d7fd6630315c15c217e559de85d2609"
