# AUTO-GENERATED by gen-rust-crate-ports.py for offline port builds.
# Pins only the monorepo-lock subgraph; optional unused deps omitted.
version = 3

[[package]]
name = "hashbrown"
version = "0.14.5"
source = "registry+https://github.com/rust-lang/crates.io-index"
checksum = "e5274423e17b7c9fc20b6e7e208532f9b19825d82dfd615708b70edd83df41f1"
