# AUTO-GENERATED by gen-rust-crate-ports.py for offline port builds.
# Pins only the monorepo-lock subgraph; optional unused deps omitted.
version = 3

[[package]]
name = "aws-smithy-xml"
version = "0.60.11"
source = "registry+https://github.com/rust-lang/crates.io-index"
checksum = "e9c34127e8c624bc2999f3b657e749c1393bedc9cd97b92a804db8ced4d2e163"
dependencies = [
 "xmlparser 0.13.6",
]

[[package]]
name = "xmlparser"
version = "0.13.6"
source = "registry+https://github.com/rust-lang/crates.io-index"
checksum = "66fee0b777b0f5ac1c69bb06d361268faafa61cd4682ae064a171c16c433e9e4"
