# AUTO-GENERATED by gen-rust-crate-ports.py for offline port builds.
# Pins only the monorepo-lock subgraph; optional unused deps omitted.
version = 3

[[package]]
name = "hmac-sha256"
version = "1.1.12"
source = "registry+https://github.com/rust-lang/crates.io-index"
checksum = "ad6880c8d4a9ebf39c6e8b77007ce223f646a4d21ce29d99f70cb16420545425"
