# AUTO-GENERATED by gen-rust-crate-ports.py for offline port builds.
# Pins only the monorepo-lock subgraph; optional unused deps omitted.
version = 3

[[package]]
name = "unicode-bom"
version = "2.0.3"
source = "registry+https://github.com/rust-lang/crates.io-index"
checksum = "7eec5d1121208364f6793f7d2e222bf75a915c19557537745b195b253dd64217"
