# AUTO-GENERATED by gen-rust-crate-ports.py for offline port builds.
# Pins only the monorepo-lock subgraph; optional unused deps omitted.
version = 3

[[package]]
name = "zlib-rs"
version = "0.5.5"
source = "registry+https://github.com/rust-lang/crates.io-index"
checksum = "40990edd51aae2c2b6907af74ffb635029d5788228222c4bb811e9351c0caad3"
